
Microsoft Visual Studio Solution File, Format Version 12.00
# Visual Studio Version 17
VisualStudioVersion = 17.10.35027.167
MinimumVisualStudioVersion = 10.0.40219.1
Project("{FAE04EC0-301F-11D3-BF4B-00C04F79EFBC}") = "employer", "employer.csproj", "{A083E843-6B7B-4064-9707-0E6ACDACFFF5}"
EndProject
Global
	GlobalSection(SolutionConfigurationPlatforms) = preSolution
		Debug|Any CPU = Debug|Any CPU
		Release|Any CPU = Release|Any CPU
	EndGlobalSection
	GlobalSection(ProjectConfigurationPlatforms) = postSolution
		{A083E843-6B7B-4064-9707-0E6ACDACFFF5}.Debug|Any CPU.ActiveCfg = Debug|Any CPU
		{A083E843-6B7B-4064-9707-0E6ACDACFFF5}.Debug|Any CPU.Build.0 = Debug|Any CPU
		{A083E843-6B7B-4064-9707-0E6ACDACFFF5}.Release|Any CPU.ActiveCfg = Release|Any CPU
		{A083E843-6B7B-4064-9707-0E6ACDACFFF5}.Release|Any CPU.Build.0 = Release|Any CPU
	EndGlobalSection
	GlobalSection(SolutionProperties) = preSolution
		HideSolutionNode = FALSE
	EndGlobalSection
	GlobalSection(ExtensibilityGlobals) = postSolution
		SolutionGuid = {F220879A-2EF2-40E4-8630-82988C47A640}
	EndGlobalSection
EndGlobal
